// !$*UTF8*$!
{
	archiveVersion = 1;
	classes = {
	};
	objectVersion = 55;
	objects = {

/* Begin PBXBuildFile section */
		D69873DE2A49B19200AB258F /* SwiftUISideMenuApp.swift in Sources */ = {isa = PBXBuildFile; fileRef = D69873DD2A49B19200AB258F /* SwiftUISideMenuApp.swift */; };
		D69873E02A49B19200AB258F /* ContentView.swift in Sources */ = {isa = PBXBuildFile; fileRef = D69873DF2A49B19200AB258F /* ContentView.swift */; };
		D69873E22A49B19300AB258F /* Assets.xcassets in Resources */ = {isa = PBXBuildFile; fileRef = D69873E12A49B19300AB258F /* Assets.xcassets */; };
		D69873E52A49B19300AB258F /* Preview Assets.xcassets in Resources */ = {isa = PBXBuildFile; fileRef = D69873E42A49B19300AB258F /* Preview Assets.xcassets */; };
		D69873EF2A49B19300AB258F /* SwiftUISideMenuTests.swift in Sources */ = {isa = PBXBuildFile; fileRef = D69873EE2A49B19300AB258F /* SwiftUISideMenuTests.swift */; };
		D69873F92A49B19300AB258F /* SwiftUISideMenuUITests.swift in Sources */ = {isa = PBXBuildFile; fileRef = D69873F82A49B19300AB258F /* SwiftUISideMenuUITests.swift */; };
		D69873FB2A49B19300AB258F /* SwiftUISideMenuUITestsLaunchTests.swift in Sources */ = {isa = PBXBuildFile; fileRef = D69873FA2A49B19300AB258F /* SwiftUISideMenuUITestsLaunchTests.swift */; };
		D69874082A49B74500AB258F /* SubMenu.swift in Sources */ = {isa = PBXBuildFile; fileRef = D69874072A49B74500AB258F /* SubMenu.swift */; };
/* End PBXBuildFile section */

/* Begin PBXContainerItemProxy section */
		D69873EB2A49B19300AB258F /* PBXContainerItemProxy */ = {
			isa = PBXContainerItemProxy;
			containerPortal = D69873D22A49B19100AB258F /* Project object */;
			proxyType = 1;
			remoteGlobalIDString = D69873D92A49B19100AB258F;
			remoteInfo = SwiftUISideMenu;
		};
		D69873F52A49B19300AB258F /* PBXContainerItemProxy */ = {
			isa = PBXContainerItemProxy;
			containerPortal = D69873D22A49B19100AB258F /* Project object */;
			proxyType = 1;
			remoteGlobalIDString = D69873D92A49B19100AB258F;
			remoteInfo = SwiftUISideMenu;
		};
/* End PBXContainerItemProxy section */

/* Begin PBXFileReference section */
		D69873DA2A49B19200AB258F /* SwiftUISideMenu.app */ = {isa = PBXFileReference; explicitFileType = wrapper.application; includeInIndex = 0; path = SwiftUISideMenu.app; sourceTree = BUILT_PRODUCTS_DIR; };
		D69873DD2A49B19200AB258F /* SwiftUISideMenuApp.swift */ = {isa = PBXFileReference; lastKnownFileType = sourcecode.swift; path = SwiftUISideMenuApp.swift; sourceTree = "<group>"; };
		D69873DF2A49B19200AB258F /* ContentView.swift */ = {isa = PBXFileReference; lastKnownFileType = sourcecode.swift; path = ContentView.swift; sourceTree = "<group>"; };
		D69873E12A49B19300AB258F /* Assets.xcassets */ = {isa = PBXFileReference; lastKnownFileType = folder.assetcatalog; path = Assets.xcassets; sourceTree = "<group>"; };
		D69873E42A49B19300AB258F /* Preview Assets.xcassets */ = {isa = PBXFileReference; lastKnownFileType = folder.assetcatalog; path = "Preview Assets.xcassets"; sourceTree = "<group>"; };
		D69873EA2A49B19300AB258F /* SwiftUISideMenuTests.xctest */ = {isa = PBXFileReference; explicitFileType = wrapper.cfbundle; includeInIndex = 0; path = SwiftUISideMenuTests.xctest; sourceTree = BUILT_PRODUCTS_DIR; };
		D69873EE2A49B19300AB258F /* SwiftUISideMenuTests.swift */ = {isa = PBXFileReference; lastKnownFileType = sourcecode.swift; path = SwiftUISideMenuTests.swift; sourceTree = "<group>"; };
		D69873F42A49B19300AB258F /* SwiftUISideMenuUITests.xctest */ = {isa = PBXFileReference; explicitFileType = wrapper.cfbundle; includeInIndex = 0; path = SwiftUISideMenuUITests.xctest; sourceTree = BUILT_PRODUCTS_DIR; };
		D69873F82A49B19300AB258F /* SwiftUISideMenuUITests.swift */ = {isa = PBXFileReference; lastKnownFileType = sourcecode.swift; path = SwiftUISideMenuUITests.swift; sourceTree = "<group>"; };
		D69873FA2A49B19300AB258F /* SwiftUISideMenuUITestsLaunchTests.swift */ = {isa = PBXFileReference; lastKnownFileType = sourcecode.swift; path = SwiftUISideMenuUITestsLaunchTests.swift; sourceTree = "<group>"; };
		D69874072A49B74500AB258F /* SubMenu.swift */ = {isa = PBXFileReference; lastKnownFileType = sourcecode.swift; path = SubMenu.swift; sourceTree = "<group>"; };
/* End PBXFileReference section */

/* Begin PBXFrameworksBuildPhase section */
		D69873D72A49B19100AB258F /* Frameworks */ = {
			isa = PBXFrameworksBuildPhase;
			buildActionMask = 2147483647;
			files = (
			);
			runOnlyForDeploymentPostprocessing = 0;
		};
		D69873E72A49B19300AB258F /* Frameworks */ = {
			isa = PBXFrameworksBuildPhase;
			buildActionMask = 2147483647;
			files = (
			);
			runOnlyForDeploymentPostprocessing = 0;
		};
		D69873F12A49B19300AB258F /* Frameworks */ = {
			isa = PBXFrameworksBuildPhase;
			buildActionMask = 2147483647;
			files = (
			);
			runOnlyForDeploymentPostprocessing = 0;
		};
/* End PBXFrameworksBuildPhase section */

/* Begin PBXGroup section */
		D69873D12A49B19100AB258F = {
			isa = PBXGroup;
			children = (
				D69873DC2A49B19200AB258F /* SwiftUISideMenu */,
				D69873ED2A49B19300AB258F /* SwiftUISideMenuTests */,
				D69873F72A49B19300AB258F /* SwiftUISideMenuUITests */,
				D69873DB2A49B19200AB258F /* Products */,
			);
			sourceTree = "<group>";
		};
		D69873DB2A49B19200AB258F /* Products */ = {
			isa = PBXGroup;
			children = (
				D69873DA2A49B19200AB258F /* SwiftUISideMenu.app */,
				D69873EA2A49B19300AB258F /* SwiftUISideMenuTests.xctest */,
				D69873F42A49B19300AB258F /* SwiftUISideMenuUITests.xctest */,
			);
			name = Products;
			sourceTree = "<group>";
		};
		D69873DC2A49B19200AB258F /* SwiftUISideMenu */ = {
			isa = PBXGroup;
			children = (
				D69873DD2A49B19200AB258F /* SwiftUISideMenuApp.swift */,
				D69874072A49B74500AB258F /* SubMenu.swift */,
				D69873DF2A49B19200AB258F /* ContentView.swift */,
				D69873E12A49B19300AB258F /* Assets.xcassets */,
				D69873E32A49B19300AB258F /* Preview Content */,
			);
			path = SwiftUISideMenu;
			sourceTree = "<group>";
		};
		D69873E32A49B19300AB258F /* Preview Content */ = {
			isa = PBXGroup;
			children = (
				D69873E42A49B19300AB258F /* Preview Assets.xcassets */,
			);
			path = "Preview Content";
			sourceTree = "<group>";
		};
		D69873ED2A49B19300AB258F /* SwiftUISideMenuTests */ = {
			isa = PBXGroup;
			children = (
				D69873EE2A49B19300AB258F /* SwiftUISideMenuTests.swift */,
			);
			path = SwiftUISideMenuTests;
			sourceTree = "<group>";
		};
		D69873F72A49B19300AB258F /* SwiftUISideMenuUITests */ = {
			isa = PBXGroup;
			children = (
				D69873F82A49B19300AB258F /* SwiftUISideMenuUITests.swift */,
				D69873FA2A49B19300AB258F /* SwiftUISideMenuUITestsLaunchTests.swift */,
			);
			path = SwiftUISideMenuUITests;
			sourceTree = "<group>";
		};
/* End PBXGroup section */

/* Begin PBXNativeTarget section */
		D69873D92A49B19100AB258F /* SwiftUISideMenu */ = {
			isa = PBXNativeTarget;
			buildConfigurationList = D69873FE2A49B19300AB258F /* Build configuration list for PBXNativeTarget "SwiftUISideMenu" */;
			buildPhases = (
				D69873D62A49B19100AB258F /* Sources */,
				D69873D72A49B19100AB258F /* Frameworks */,
				D69873D82A49B19100AB258F /* Resources */,
			);
			buildRules = (
			);
			dependencies = (
			);
			name = SwiftUISideMenu;
			productName = SwiftUISideMenu;
			productReference = D69873DA2A49B19200AB258F /* SwiftUISideMenu.app */;
			productType = "com.apple.product-type.application";
		};
		D69873E92A49B19300AB258F /* SwiftUISideMenuTests */ = {
			isa = PBXNativeTarget;
			buildConfigurationList = D69874012A49B19300AB258F /* Build configuration list for PBXNativeTarget "SwiftUISideMenuTests" */;
			buildPhases = (
				D69873E62A49B19300AB258F /* Sources */,
				D69873E72A49B19300AB258F /* Frameworks */,
				D69873E82A49B19300AB258F /* Resources */,
			);
			buildRules = (
			);
			dependencies = (
				D69873EC2A49B19300AB258F /* PBXTargetDependency */,
			);
			name = SwiftUISideMenuTests;
			productName = SwiftUISideMenuTests;
			productReference = D69873EA2A49B19300AB258F /* SwiftUISideMenuTests.xctest */;
			productType = "com.apple.product-type.bundle.unit-test";
		};
		D69873F32A49B19300AB258F /* SwiftUISideMenuUITests */ = {
			isa = PBXNativeTarget;
			buildConfigurationList = D69874042A49B19300AB258F /* Build configuration list for PBXNativeTarget "SwiftUISideMenuUITests" */;
			buildPhases = (
				D69873F02A49B19300AB258F /* Sources */,
				D69873F12A49B19300AB258F /* Frameworks */,
				D69873F22A49B19300AB258F /* Resources */,
			);
			buildRules = (
			);
			dependencies = (
				D69873F62A49B19300AB258F /* PBXTargetDependency */,
			);
			name = SwiftUISideMenuUITests;
			productName = SwiftUISideMenuUITests;
			productReference = D69873F42A49B19300AB258F /* SwiftUISideMenuUITests.xctest */;
			productType = "com.apple.product-type.bundle.ui-testing";
		};
/* End PBXNativeTarget section */

/* Begin PBXProject section */
		D69873D22A49B19100AB258F /* Project object */ = {
			isa = PBXProject;
			attributes = {
				BuildIndependentTargetsInParallel = 1;
				LastSwiftUpdateCheck = 1320;
				LastUpgradeCheck = 1320;
				TargetAttributes = {
					D69873D92A49B19100AB258F = {
						CreatedOnToolsVersion = 13.2.1;
					};
					D69873E92A49B19300AB258F = {
						CreatedOnToolsVersion = 13.2.1;
						TestTargetID = D69873D92A49B19100AB258F;
					};
					D69873F32A49B19300AB258F = {
						CreatedOnToolsVersion = 13.2.1;
						TestTargetID = D69873D92A49B19100AB258F;
					};
				};
			};
			buildConfigurationList = D69873D52A49B19100AB258F /* Build configuration list for PBXProject "SwiftUISideMenu" */;
			compatibilityVersion = "Xcode 13.0";
			developmentRegion = en;
			hasScannedForEncodings = 0;
			knownRegions = (
				en,
				Base,
			);
			mainGroup = D69873D12A49B19100AB258F;
			productRefGroup = D69873DB2A49B19200AB258F /* Products */;
			projectDirPath = "";
			projectRoot = "";
			targets = (
				D69873D92A49B19100AB258F /* SwiftUISideMenu */,
				D69873E92A49B19300AB258F /* SwiftUISideMenuTests */,
				D69873F32A49B19300AB258F /* SwiftUISideMenuUITests */,
			);
		};
/* End PBXProject section */

/* Begin PBXResourcesBuildPhase section */
		D69873D82A49B19100AB258F /* Resources */ = {
			isa = PBXResourcesBuildPhase;
			buildActionMask = 2147483647;
			files = (
				D69873E52A49B19300AB258F /* Preview Assets.xcassets in Resources */,
				D69873E22A49B19300AB258F /* Assets.xcassets in Resources */,
			);
			runOnlyForDeploymentPostprocessing = 0;
		};
		D69873E82A49B19300AB258F /* Resources */ = {
			isa = PBXResourcesBuildPhase;
			buildActionMask = 2147483647;
			files = (
			);
			runOnlyForDeploymentPostprocessing = 0;
		};
		D69873F22A49B19300AB258F /* Resources */ = {
			isa = PBXResourcesBuildPhase;
			buildActionMask = 2147483647;
			files = (
			);
			runOnlyForDeploymentPostprocessing = 0;
		};
/* End PBXResourcesBuildPhase section */

/* Begin PBXSourcesBuildPhase section */
		D69873D62A49B19100AB258F /* Sources */ = {
			isa = PBXSourcesBuildPhase;
			buildActionMask = 2147483647;
			files = (
				D69873E02A49B19200AB258F /* ContentView.swift in Sources */,
				D69874082A49B74500AB258F /* SubMenu.swift in Sources */,
				D69873DE2A49B19200AB258F /* SwiftUISideMenuApp.swift in Sources */,
			);
			runOnlyForDeploymentPostprocessing = 0;
		};
		D69873E62A49B19300AB258F /* Sources */ = {
			isa = PBXSourcesBuildPhase;
			buildActionMask = 2147483647;
			files = (
				D69873EF2A49B19300AB258F /* SwiftUISideMenuTests.swift in Sources */,
			);
			runOnlyForDeploymentPostprocessing = 0;
		};
		D69873F02A49B19300AB258F /* Sources */ = {
			isa = PBXSourcesBuildPhase;
			buildActionMask = 2147483647;
			files = (
				D69873FB2A49B19300AB258F /* SwiftUISideMenuUITestsLaunchTests.swift in Sources */,
				D69873F92A49B19300AB258F /* SwiftUISideMenuUITests.swift in Sources */,
			);
			runOnlyForDeploymentPostprocessing = 0;
		};
/* End PBXSourcesBuildPhase section */

/* Begin PBXTargetDependency section */
		D69873EC2A49B19300AB258F /* PBXTargetDependency */ = {
			isa = PBXTargetDependency;
			target = D69873D92A49B19100AB258F /* SwiftUISideMenu */;
			targetProxy = D69873EB2A49B19300AB258F /* PBXContainerItemProxy */;
		};
		D69873F62A49B19300AB258F /* PBXTargetDependency */ = {
			isa = PBXTargetDependency;
			target = D69873D92A49B19100AB258F /* SwiftUISideMenu */;
			targetProxy = D69873F52A49B19300AB258F /* PBXContainerItemProxy */;
		};
/* End PBXTargetDependency section */

/* Begin XCBuildConfiguration section */
		D69873FC2A49B19300AB258F /* Debug */ = {
			isa = XCBuildConfiguration;
			buildSettings = {
				ALWAYS_SEARCH_USER_PATHS = NO;
				CLANG_ANALYZER_NONNULL = YES;
				CLANG_ANALYZER_NUMBER_OBJECT_CONVERSION = YES_AGGRESSIVE;
				CLANG_CXX_LANGUAGE_STANDARD = "gnu++17";
				CLANG_CXX_LIBRARY = "libc++";
				CLANG_ENABLE_MODULES = YES;
				CLANG_ENABLE_OBJC_ARC = YES;
				CLANG_ENABLE_OBJC_WEAK = YES;
				CLANG_WARN_BLOCK_CAPTURE_AUTORELEASING = YES;
				CLANG_WARN_BOOL_CONVERSION = YES;
				CLANG_WARN_COMMA = YES;
				CLANG_WARN_CONSTANT_CONVERSION = YES;
				CLANG_WARN_DEPRECATED_OBJC_IMPLEMENTATIONS = YES;
				CLANG_WARN_DIRECT_OBJC_ISA_USAGE = YES_ERROR;
				CLANG_WARN_DOCUMENTATION_COMMENTS = YES;
				CLANG_WARN_EMPTY_BODY = YES;
				CLANG_WARN_ENUM_CONVERSION = YES;
				CLANG_WARN_INFINITE_RECURSION = YES;
				CLANG_WARN_INT_CONVERSION = YES;
				CLANG_WARN_NON_LITERAL_NULL_CONVERSION = YES;
				CLANG_WARN_OBJC_IMPLICIT_RETAIN_SELF = YES;
				CLANG_WARN_OBJC_LITERAL_CONVERSION = YES;
				CLANG_WARN_OBJC_ROOT_CLASS = YES_ERROR;
				CLANG_WARN_QUOTED_INCLUDE_IN_FRAMEWORK_HEADER = YES;
				CLANG_WARN_RANGE_LOOP_ANALYSIS = YES;
				CLANG_WARN_STRICT_PROTOTYPES = YES;
				CLANG_WARN_SUSPICIOUS_MOVE = YES;
				CLANG_WARN_UNGUARDED_AVAILABILITY = YES_AGGRESSIVE;
				CLANG_WARN_UNREACHABLE_CODE = YES;
				CLANG_WARN__DUPLICATE_METHOD_MATCH = YES;
				COPY_PHASE_STRIP = NO;
				DEBUG_INFORMATION_FORMAT = dwarf;
				ENABLE_STRICT_OBJC_MSGSEND = YES;
				ENABLE_TESTABILITY = YES;
				GCC_C_LANGUAGE_STANDARD = gnu11;
				GCC_DYNAMIC_NO_PIC = NO;
				GCC_NO_COMMON_BLOCKS = YES;
				GCC_OPTIMIZATION_LEVEL = 0;
				GCC_PREPROCESSOR_DEFINITIONS = (
					"DEBUG=1",
					"$(inherited)",
				);
				GCC_WARN_64_TO_32_BIT_CONVERSION = YES;
				GCC_WARN_ABOUT_RETURN_TYPE = YES_ERROR;
				GCC_WARN_UNDECLARED_SELECTOR = YES;
				GCC_WARN_UNINITIALIZED_AUTOS = YES_AGGRESSIVE;
				GCC_WARN_UNUSED_FUNCTION = YES;
				GCC_WARN_UNUSED_VARIABLE = YES;
				IPHONEOS_DEPLOYMENT_TARGET = 15.2;
				MTL_ENABLE_DEBUG_INFO = INCLUDE_SOURCE;
				MTL_FAST_MATH = YES;
				ONLY_ACTIVE_ARCH = YES;
				SDKROOT = iphoneos;
				SWIFT_ACTIVE_COMPILATION_CONDITIONS = DEBUG;
				SWIFT_OPTIMIZATION_LEVEL = "-Onone";
			};
			name = Debug;
		};
		D69873FD2A49B19300AB258F /* Release */ = {
			isa = XCBuildConfiguration;
			buildSettings = {
				ALWAYS_SEARCH_USER_PATHS = NO;
				CLANG_ANALYZER_NONNULL = YES;
				CLANG_ANALYZER_NUMBER_OBJECT_CONVERSION = YES_AGGRESSIVE;
				CLANG_CXX_LANGUAGE_STANDARD = "gnu++17";
				CLANG_CXX_LIBRARY = "libc++";
				CLANG_ENABLE_MODULES = YES;
				CLANG_ENABLE_OBJC_ARC = YES;
				CLANG_ENABLE_OBJC_WEAK = YES;
				CLANG_WARN_BLOCK_CAPTURE_AUTORELEASING = YES;
				CLANG_WARN_BOOL_CONVERSION = YES;
				CLANG_WARN_COMMA = YES;
				CLANG_WARN_CONSTANT_CONVERSION = YES;
				CLANG_WARN_DEPRECATED_OBJC_IMPLEMENTATIONS = YES;
				CLANG_WARN_DIRECT_OBJC_ISA_USAGE = YES_ERROR;
				CLANG_WARN_DOCUMENTATION_COMMENTS = YES;
				CLANG_WARN_EMPTY_BODY = YES;
				CLANG_WARN_ENUM_CONVERSION = YES;
				CLANG_WARN_INFINITE_RECURSION = YES;
				CLANG_WARN_INT_CONVERSION = YES;
				CLANG_WARN_NON_LITERAL_NULL_CONVERSION = YES;
				CLANG_WARN_OBJC_IMPLICIT_RETAIN_SELF = YES;
				CLANG_WARN_OBJC_LITERAL_CONVERSION = YES;
				CLANG_WARN_OBJC_ROOT_CLASS = YES_ERROR;
				CLANG_WARN_QUOTED_INCLUDE_IN_FRAMEWORK_HEADER = YES;
				CLANG_WARN_RANGE_LOOP_ANALYSIS = YES;
				CLANG_WARN_STRICT_PROTOTYPES = YES;
				CLANG_WARN_SUSPICIOUS_MOVE = YES;
				CLANG_WARN_UNGUARDED_AVAILABILITY = YES_AGGRESSIVE;
				CLANG_WARN_UNREACHABLE_CODE = YES;
				CLANG_WARN__DUPLICATE_METHOD_MATCH = YES;
				COPY_PHASE_STRIP = NO;
				DEBUG_INFORMATION_FORMAT = "dwarf-with-dsym";
				ENABLE_NS_ASSERTIONS = NO;
				ENABLE_STRICT_OBJC_MSGSEND = YES;
				GCC_C_LANGUAGE_STANDARD = gnu11;
				GCC_NO_COMMON_BLOCKS = YES;
				GCC_WARN_64_TO_32_BIT_CONVERSION = YES;
				GCC_WARN_ABOUT_RETURN_TYPE = YES_ERROR;
				GCC_WARN_UNDECLARED_SELECTOR = YES;
				GCC_WARN_UNINITIALIZED_AUTOS = YES_AGGRESSIVE;
				GCC_WARN_UNUSED_FUNCTION = YES;
				GCC_WARN_UNUSED_VARIABLE = YES;
				IPHONEOS_DEPLOYMENT_TARGET = 15.2;
				MTL_ENABLE_DEBUG_INFO = NO;
				MTL_FAST_MATH = YES;
				SDKROOT = iphoneos;
				SWIFT_COMPILATION_MODE = wholemodule;
				SWIFT_OPTIMIZATION_LEVEL = "-O";
				VALIDATE_PRODUCT = YES;
			};
			name = Release;
		};
		D69873FF2A49B19300AB258F /* Debug */ = {
			isa = XCBuildConfiguration;
			buildSettings = {
				ASSETCATALOG_COMPILER_APPICON_NAME = AppIcon;
				ASSETCATALOG_COMPILER_GLOBAL_ACCENT_COLOR_NAME = AccentColor;
				CODE_SIGN_STYLE = Automatic;
				CURRENT_PROJECT_VERSION = 1;
				DEVELOPMENT_ASSET_PATHS = "\"SwiftUISideMenu/Preview Content\"";
				DEVELOPMENT_TEAM = K6LJCT8RAA;
				ENABLE_PREVIEWS = YES;
				GENERATE_INFOPLIST_FILE = YES;
				INFOPLIST_KEY_UIApplicationSceneManifest_Generation = YES;
				INFOPLIST_KEY_UIApplicationSupportsIndirectInputEvents = YES;
				INFOPLIST_KEY_UILaunchScreen_Generation = YES;
				INFOPLIST_KEY_UISupportedInterfaceOrientations_iPad = "UIInterfaceOrientationPortrait UIInterfaceOrientationPortraitUpsideDown UIInterfaceOrientationLandscapeLeft UIInterfaceOrientationLandscapeRight";
				INFOPLIST_KEY_UISupportedInterfaceOrientations_iPhone = "UIInterfaceOrientationPortrait UIInterfaceOrientationLandscapeLeft UIInterfaceOrientationLandscapeRight";
				LD_RUNPATH_SEARCH_PATHS = (
					"$(inherited)",
					"@executable_path/Frameworks",
				);
				MARKETING_VERSION = 1.0;
				PRODUCT_BUNDLE_IDENTIFIER = com.ios.SwiftUISideMenu;
				PRODUCT_NAME = "$(TARGET_NAME)";
				SWIFT_EMIT_LOC_STRINGS = YES;
				SWIFT_VERSION = 5.0;
				TARGETED_DEVICE_FAMILY = "1,2";
			};
			name = Debug;
		};
		D69874002A49B19300AB258F /* Release */ = {
			isa = XCBuildConfiguration;
			buildSettings = {
				ASSETCATALOG_COMPILER_APPICON_NAME = AppIcon;
				ASSETCATALOG_COMPILER_GLOBAL_ACCENT_COLOR_NAME = AccentColor;
				CODE_SIGN_STYLE = Automatic;
				CURRENT_PROJECT_VERSION = 1;
				DEVELOPMENT_ASSET_PATHS = "\"SwiftUISideMenu/Preview Content\"";
				DEVELOPMENT_TEAM = K6LJCT8RAA;
				ENABLE_PREVIEWS = YES;
				GENERATE_INFOPLIST_FILE = YES;
				INFOPLIST_KEY_UIApplicationSceneManifest_Generation = YES;
				INFOPLIST_KEY_UIApplicationSupportsIndirectInputEvents = YES;
				INFOPLIST_KEY_UILaunchScreen_Generation = YES;
				INFOPLIST_KEY_UISupportedInterfaceOrientations_iPad = "UIInterfaceOrientationPortrait UIInterfaceOrientationPortraitUpsideDown UIInterfaceOrientationLandscapeLeft UIInterfaceOrientationLandscapeRight";
				INFOPLIST_KEY_UISupportedInterfaceOrientations_iPhone = "UIInterfaceOrientationPortrait UIInterfaceOrientationLandscapeLeft UIInterfaceOrientationLandscapeRight";
				LD_RUNPATH_SEARCH_PATHS = (
					"$(inherited)",
					"@executable_path/Frameworks",
				);
				MARKETING_VERSION = 1.0;
				PRODUCT_BUNDLE_IDENTIFIER = com.ios.SwiftUISideMenu;
				PRODUCT_NAME = "$(TARGET_NAME)";
				SWIFT_EMIT_LOC_STRINGS = YES;
				SWIFT_VERSION = 5.0;
				TARGETED_DEVICE_FAMILY = "1,2";
			};
			name = Release;
		};
		D69874022A49B19300AB258F /* Debug */ = {
			isa = XCBuildConfiguration;
			buildSettings = {
				ALWAYS_EMBED_SWIFT_STANDARD_LIBRARIES = YES;
				BUNDLE_LOADER = "$(TEST_HOST)";
				CODE_SIGN_STYLE = Automatic;
				CURRENT_PROJECT_VERSION = 1;
				DEVELOPMENT_TEAM = K6LJCT8RAA;
				GENERATE_INFOPLIST_FILE = YES;
				IPHONEOS_DEPLOYMENT_TARGET = 15.2;
				MARKETING_VERSION = 1.0;
				PRODUCT_BUNDLE_IDENTIFIER = com.ios.SwiftUISideMenuTests;
				PRODUCT_NAME = "$(TARGET_NAME)";
				SWIFT_EMIT_LOC_STRINGS = NO;
				SWIFT_VERSION = 5.0;
				TARGETED_DEVICE_FAMILY = "1,2";
				TEST_HOST = "$(BUILT_PRODUCTS_DIR)/SwiftUISideMenu.app/SwiftUISideMenu";
			};
			name = Debug;
		};
		D69874032A49B19300AB258F /* Release */ = {
			isa = XCBuildConfiguration;
			buildSettings = {
				ALWAYS_EMBED_SWIFT_STANDARD_LIBRARIES = YES;
				BUNDLE_LOADER = "$(TEST_HOST)";
				CODE_SIGN_STYLE = Automatic;
				CURRENT_PROJECT_VERSION = 1;
				DEVELOPMENT_TEAM = K6LJCT8RAA;
				GENERATE_INFOPLIST_FILE = YES;
				IPHONEOS_DEPLOYMENT_TARGET = 15.2;
				MARKETING_VERSION = 1.0;
				PRODUCT_BUNDLE_IDENTIFIER = com.ios.SwiftUISideMenuTests;
				PRODUCT_NAME = "$(TARGET_NAME)";
				SWIFT_EMIT_LOC_STRINGS = NO;
				SWIFT_VERSION = 5.0;
				TARGETED_DEVICE_FAMILY = "1,2";
				TEST_HOST = "$(BUILT_PRODUCTS_DIR)/SwiftUISideMenu.app/SwiftUISideMenu";
			};
			name = Release;
		};
		D69874052A49B19300AB258F /* Debug */ = {
			isa = XCBuildConfiguration;
			buildSettings = {
				ALWAYS_EMBED_SWIFT_STANDARD_LIBRARIES = YES;
				CODE_SIGN_STYLE = Automatic;
				CURRENT_PROJECT_VERSION = 1;
				DEVELOPMENT_TEAM = K6LJCT8RAA;
				GENERATE_INFOPLIST_FILE = YES;
				MARKETING_VERSION = 1.0;
				PRODUCT_BUNDLE_IDENTIFIER = com.ios.SwiftUISideMenuUITests;
				PRODUCT_NAME = "$(TARGET_NAME)";
				SWIFT_EMIT_LOC_STRINGS = NO;
				SWIFT_VERSION = 5.0;
				TARGETED_DEVICE_FAMILY = "1,2";
				TEST_TARGET_NAME = SwiftUISideMenu;
			};
			name = Debug;
		};
		D69874062A49B19300AB258F /* Release */ = {
			isa = XCBuildConfiguration;
			buildSettings = {
				ALWAYS_EMBED_SWIFT_STANDARD_LIBRARIES = YES;
				CODE_SIGN_STYLE = Automatic;
				CURRENT_PROJECT_VERSION = 1;
				DEVELOPMENT_TEAM = K6LJCT8RAA;
				GENERATE_INFOPLIST_FILE = YES;
				MARKETING_VERSION = 1.0;
				PRODUCT_BUNDLE_IDENTIFIER = com.ios.SwiftUISideMenuUITests;
				PRODUCT_NAME = "$(TARGET_NAME)";
				SWIFT_EMIT_LOC_STRINGS = NO;
				SWIFT_VERSION = 5.0;
				TARGETED_DEVICE_FAMILY = "1,2";
				TEST_TARGET_NAME = SwiftUISideMenu;
			};
			name = Release;
		};
/* End XCBuildConfiguration section */

/* Begin XCConfigurationList section */
		D69873D52A49B19100AB258F /* Build configuration list for PBXProject "SwiftUISideMenu" */ = {
			isa = XCConfigurationList;
			buildConfigurations = (
				D69873FC2A49B19300AB258F /* Debug */,
				D69873FD2A49B19300AB258F /* Release */,
			);
			defaultConfigurationIsVisible = 0;
			defaultConfigurationName = Release;
		};
		D69873FE2A49B19300AB258F /* Build configuration list for PBXNativeTarget "SwiftUISideMenu" */ = {
			isa = XCConfigurationList;
			buildConfigurations = (
				D69873FF2A49B19300AB258F /* Debug */,
				D69874002A49B19300AB258F /* Release */,
			);
			defaultConfigurationIsVisible = 0;
			defaultConfigurationName = Release;
		};
		D69874012A49B19300AB258F /* Build configuration list for PBXNativeTarget "SwiftUISideMenuTests" */ = {
			isa = XCConfigurationList;
			buildConfigurations = (
				D69874022A49B19300AB258F /* Debug */,
				D69874032A49B19300AB258F /* Release */,
			);
			defaultConfigurationIsVisible = 0;
			defaultConfigurationName = Release;
		};
		D69874042A49B19300AB258F /* Build configuration list for PBXNativeTarget "SwiftUISideMenuUITests" */ = {
			isa = XCConfigurationList;
			buildConfigurations = (
				D69874052A49B19300AB258F /* Debug */,
				D69874062A49B19300AB258F /* Release */,
			);
			defaultConfigurationIsVisible = 0;
			defaultConfigurationName = Release;
		};
/* End XCConfigurationList section */
	};
	rootObject = D69873D22A49B19100AB258F /* Project object */;
}
